
Microsoft Visual Studio Solution File, Format Version 12.00
# Visual Studio Version 17
VisualStudioVersion = 17.2.32630.192
MinimumVisualStudioVersion = 10.0.40219.1
Project("{FAE04EC0-301F-11D3-BF4B-00C04F79EFBC}") = "loop2", "loop2\loop2.csproj", "{276A5B9C-CC23-4584-96F9-C4C12FBCCC62}"
EndProject
Global
	GlobalSection(SolutionConfigurationPlatforms) = preSolution
		Debug|Any CPU = Debug|Any CPU
		Release|Any CPU = Release|Any CPU
	EndGlobalSection
	GlobalSection(ProjectConfigurationPlatforms) = postSolution
		{276A5B9C-CC23-4584-96F9-C4C12FBCCC62}.Debug|Any CPU.ActiveCfg = Debug|Any CPU
		{276A5B9C-CC23-4584-96F9-C4C12FBCCC62}.Debug|Any CPU.Build.0 = Debug|Any CPU
		{276A5B9C-CC23-4584-96F9-C4C12FBCCC62}.Release|Any CPU.ActiveCfg = Release|Any CPU
		{276A5B9C-CC23-4584-96F9-C4C12FBCCC62}.Release|Any CPU.Build.0 = Release|Any CPU
	EndGlobalSection
	GlobalSection(SolutionProperties) = preSolution
		HideSolutionNode = FALSE
	EndGlobalSection
	GlobalSection(ExtensibilityGlobals) = postSolution
		SolutionGuid = {776A3D34-C049-47A6-B80F-1DE4107D788A}
	EndGlobalSection
EndGlobal
